// !$*UTF8*$!
{
	archiveVersion = 1;
	classes = {
	};
	objectVersion = 46;
	objects = {

/* Begin PBXBuildFile section */
		909675C514EE326300356F4E /* Foundation.framework in Frameworks */ = {isa = PBXBuildFile; fileRef = 909675C414EE326300356F4E /* Foundation.framework */; };
		909675F814EE32C400356F4E /* cJSON.c in Sources */ = {isa = PBXBuildFile; fileRef = 909675D114EE32C400356F4E /* cJSON.c */; };
		909675F914EE32C400356F4E /* cJSON.h in Headers */ = {isa = PBXBuildFile; fileRef = 909675D214EE32C400356F4E /* cJSON.h */; };
		909675FA14EE32C400356F4E /* curl 2.h in Headers */ = {isa = PBXBuildFile; fileRef = 909675D414EE32C400356F4E /* curl 2.h */; };
		909675FB14EE32C400356F4E /* curl.h in Headers */ = {isa = PBXBuildFile; fileRef = 909675D514EE32C400356F4E /* curl.h */; };
		909675FC14EE32C400356F4E /* curlbuild.h in Headers */ = {isa = PBXBuildFile; fileRef = 909675D614EE32C400356F4E /* curlbuild.h */; };
		909675FD14EE32C400356F4E /* curlrules.h in Headers */ = {isa = PBXBuildFile; fileRef = 909675D714EE32C400356F4E /* curlrules.h */; };
		909675FE14EE32C400356F4E /* curlver.h in Headers */ = {isa = PBXBuildFile; fileRef = 909675D814EE32C400356F4E /* curlver.h */; };
		909675FF14EE32C400356F4E /* easy.h in Headers */ = {isa = PBXBuildFile; fileRef = 909675D914EE32C400356F4E /* easy.h */; };
		9096760014EE32C400356F4E /* mprintf.h in Headers */ = {isa = PBXBuildFile; fileRef = 909675DA14EE32C400356F4E /* mprintf.h */; };
		9096760114EE32C400356F4E /* multi.h in Headers */ = {isa = PBXBuildFile; fileRef = 909675DB14EE32C400356F4E /* multi.h */; };
		9096760214EE32C400356F4E /* stdcheaders.h in Headers */ = {isa = PBXBuildFile; fileRef = 909675DC14EE32C400356F4E /* stdcheaders.h */; };
		9096760314EE32C400356F4E /* typecheck-gcc.h in Headers */ = {isa = PBXBuildFile; fileRef = 909675DD14EE32C400356F4E /* typecheck-gcc.h */; };
		9096760414EE32C400356F4E /* types.h in Headers */ = {isa = PBXBuildFile; fileRef = 909675DE14EE32C400356F4E /* types.h */; };
		9096760514EE32C400356F4E /* Reachability.h in Headers */ = {isa = PBXBuildFile; fileRef = 909675DF14EE32C400356F4E /* Reachability.h */; };
		9096760614EE32C400356F4E /* Reachability.m in Sources */ = {isa = PBXBuildFile; fileRef = 909675E014EE32C400356F4E /* Reachability.m */; };
		9096760714EE32C400356F4E /* config.h in Headers */ = {isa = PBXBuildFile; fileRef = 909675E214EE32C400356F4E /* config.h */; };
		9096760814EE32C400356F4E /* Mutex.cpp in Sources */ = {isa = PBXBuildFile; fileRef = 909675E314EE32C400356F4E /* Mutex.cpp */; };
		9096760914EE32C400356F4E /* Mutex.h in Headers */ = {isa = PBXBuildFile; fileRef = 909675E414EE32C400356F4E /* Mutex.h */; };
		9096760A14EE32C400356F4E /* Semaphore.cpp in Sources */ = {isa = PBXBuildFile; fileRef = 909675E514EE32C400356F4E /* Semaphore.cpp */; };
		9096760B14EE32C400356F4E /* Semaphore.h in Headers */ = {isa = PBXBuildFile; fileRef = 909675E614EE32C400356F4E /* Semaphore.h */; };
		9096760C14EE32C400356F4E /* Thread.cpp in Sources */ = {isa = PBXBuildFile; fileRef = 909675E714EE32C400356F4E /* Thread.cpp */; };
		9096760D14EE32C400356F4E /* Thread.h in Headers */ = {isa = PBXBuildFile; fileRef = 909675E814EE32C400356F4E /* Thread.h */; };
		9096760E14EE32C400356F4E /* ThreadPool.cpp in Sources */ = {isa = PBXBuildFile; fileRef = 909675E914EE32C400356F4E /* ThreadPool.cpp */; };
		9096760F14EE32C400356F4E /* ThreadPool.h in Headers */ = {isa = PBXBuildFile; fileRef = 909675EA14EE32C400356F4E /* ThreadPool.h */; };
		9096761114EE32C400356F4E /* XADataManager.cpp in Sources */ = {isa = PBXBuildFile; fileRef = 909675EC14EE32C400356F4E /* XADataManager.cpp */; };
		9096761214EE32C400356F4E /* XADataManager.h in Headers */ = {isa = PBXBuildFile; fileRef = 909675ED14EE32C400356F4E /* XADataManager.h */; };
		9096761314EE32C400356F4E /* XADataProxy.cpp in Sources */ = {isa = PBXBuildFile; fileRef = 909675EE14EE32C400356F4E /* XADataProxy.cpp */; };
		9096761414EE32C400356F4E /* XADataProxy.h in Headers */ = {isa = PBXBuildFile; fileRef = 909675EF14EE32C400356F4E /* XADataProxy.h */; };
		9096761514EE32C400356F4E /* XASendData.cpp in Sources */ = {isa = PBXBuildFile; fileRef = 909675F014EE32C400356F4E /* XASendData.cpp */; };
		9096761614EE32C400356F4E /* XASendData.h in Headers */ = {isa = PBXBuildFile; fileRef = 909675F114EE32C400356F4E /* XASendData.h */; };
		9096761914EE32C400356F4E /* XASystemInfo.h in Headers */ = {isa = PBXBuildFile; fileRef = 909675F414EE32C400356F4E /* XASystemInfo.h */; };
		9096761A14EE32C400356F4E /* XASystemInfo.mm in Sources */ = {isa = PBXBuildFile; fileRef = 909675F514EE32C400356F4E /* XASystemInfo.mm */; };
		9096761B14EE32C400356F4E /* XAThreadPool.cpp in Sources */ = {isa = PBXBuildFile; fileRef = 909675F614EE32C400356F4E /* XAThreadPool.cpp */; };
		9096761C14EE32C400356F4E /* XAThreadPool.h in Headers */ = {isa = PBXBuildFile; fileRef = 909675F714EE32C400356F4E /* XAThreadPool.h */; };
		9096766914EE358600356F4E /* XA.mm in Sources */ = {isa = PBXBuildFile; fileRef = 9096766814EE358600356F4E /* XA.mm */; };
		9096767414EE366A00356F4E /* libcurl.a in Frameworks */ = {isa = PBXBuildFile; fileRef = 9096767314EE366A00356F4E /* libcurl.a */; };
		9096767714EE367600356F4E /* CoreTelephony.framework in Frameworks */ = {isa = PBXBuildFile; fileRef = 9096767614EE367600356F4E /* CoreTelephony.framework */; };
		9096767914EE367E00356F4E /* SystemConfiguration.framework in Frameworks */ = {isa = PBXBuildFile; fileRef = 9096767814EE367E00356F4E /* SystemConfiguration.framework */; };
		9096768814EE37BB00356F4E /* UIKit.framework in Frameworks */ = {isa = PBXBuildFile; fileRef = 9096768714EE37BB00356F4E /* UIKit.framework */; };
		9096768D14EE3F4D00356F4E /* libzlib.a in Frameworks */ = {isa = PBXBuildFile; fileRef = 9096768C14EE3F4D00356F4E /* libzlib.a */; };
/* End PBXBuildFile section */

/* Begin PBXFileReference section */
		909675C114EE326300356F4E /* libXA.a */ = {isa = PBXFileReference; explicitFileType = archive.ar; includeInIndex = 0; path = libXA.a; sourceTree = BUILT_PRODUCTS_DIR; };
		909675C414EE326300356F4E /* Foundation.framework */ = {isa = PBXFileReference; lastKnownFileType = wrapper.framework; name = Foundation.framework; path = System/Library/Frameworks/Foundation.framework; sourceTree = SDKROOT; };
		909675C814EE326400356F4E /* XA-Prefix.pch */ = {isa = PBXFileReference; lastKnownFileType = sourcecode.c.h; path = "XA-Prefix.pch"; sourceTree = "<group>"; };
		909675C914EE326400356F4E /* XA.h */ = {isa = PBXFileReference; lastKnownFileType = sourcecode.c.h; path = XA.h; sourceTree = "<group>"; };
		909675D114EE32C400356F4E /* cJSON.c */ = {isa = PBXFileReference; fileEncoding = 4; lastKnownFileType = sourcecode.c.c; path = cJSON.c; sourceTree = "<group>"; };
		909675D214EE32C400356F4E /* cJSON.h */ = {isa = PBXFileReference; fileEncoding = 4; lastKnownFileType = sourcecode.c.h; path = cJSON.h; sourceTree = "<group>"; };
		909675D414EE32C400356F4E /* curl 2.h */ = {isa = PBXFileReference; fileEncoding = 4; lastKnownFileType = sourcecode.c.h; path = "curl 2.h"; sourceTree = "<group>"; };
		909675D514EE32C400356F4E /* curl.h */ = {isa = PBXFileReference; fileEncoding = 4; lastKnownFileType = sourcecode.c.h; path = curl.h; sourceTree = "<group>"; };
		909675D614EE32C400356F4E /* curlbuild.h */ = {isa = PBXFileReference; fileEncoding = 4; lastKnownFileType = sourcecode.c.h; path = curlbuild.h; sourceTree = "<group>"; };
		909675D714EE32C400356F4E /* curlrules.h */ = {isa = PBXFileReference; fileEncoding = 4; lastKnownFileType = sourcecode.c.h; path = curlrules.h; sourceTree = "<group>"; };
		909675D814EE32C400356F4E /* curlver.h */ = {isa = PBXFileReference; fileEncoding = 4; lastKnownFileType = sourcecode.c.h; path = curlver.h; sourceTree = "<group>"; };
		909675D914EE32C400356F4E /* easy.h */ = {isa = PBXFileReference; fileEncoding = 4; lastKnownFileType = sourcecode.c.h; path = easy.h; sourceTree = "<group>"; };
		909675DA14EE32C400356F4E /* mprintf.h */ = {isa = PBXFileReference; fileEncoding = 4; lastKnownFileType = sourcecode.c.h; path = mprintf.h; sourceTree = "<group>"; };
		909675DB14EE32C400356F4E /* multi.h */ = {isa = PBXFileReference; fileEncoding = 4; lastKnownFileType = sourcecode.c.h; path = multi.h; sourceTree = "<group>"; };
		909675DC14EE32C400356F4E /* stdcheaders.h */ = {isa = PBXFileReference; fileEncoding = 4; lastKnownFileType = sourcecode.c.h; path = stdcheaders.h; sourceTree = "<group>"; };
		909675DD14EE32C400356F4E /* typecheck-gcc.h */ = {isa = PBXFileReference; fileEncoding = 4; lastKnownFileType = sourcecode.c.h; path = "typecheck-gcc.h"; sourceTree = "<group>"; };
		909675DE14EE32C400356F4E /* types.h */ = {isa = PBXFileReference; fileEncoding = 4; lastKnownFileType = sourcecode.c.h; path = types.h; sourceTree = "<group>"; };
		909675DF14EE32C400356F4E /* Reachability.h */ = {isa = PBXFileReference; fileEncoding = 4; lastKnownFileType = sourcecode.c.h; path = Reachability.h; sourceTree = "<group>"; };
		909675E014EE32C400356F4E /* Reachability.m */ = {isa = PBXFileReference; fileEncoding = 4; lastKnownFileType = sourcecode.c.objc; path = Reachability.m; sourceTree = "<group>"; };
		909675E214EE32C400356F4E /* config.h */ = {isa = PBXFileReference; fileEncoding = 4; lastKnownFileType = sourcecode.c.h; path = config.h; sourceTree = "<group>"; };
		909675E314EE32C400356F4E /* Mutex.cpp */ = {isa = PBXFileReference; fileEncoding = 4; lastKnownFileType = sourcecode.cpp.cpp; path = Mutex.cpp; sourceTree = "<group>"; };
		909675E414EE32C400356F4E /* Mutex.h */ = {isa = PBXFileReference; fileEncoding = 4; lastKnownFileType = sourcecode.c.h; path = Mutex.h; sourceTree = "<group>"; };
		909675E514EE32C400356F4E /* Semaphore.cpp */ = {isa = PBXFileReference; fileEncoding = 4; lastKnownFileType = sourcecode.cpp.cpp; path = Semaphore.cpp; sourceTree = "<group>"; };
		909675E614EE32C400356F4E /* Semaphore.h */ = {isa = PBXFileReference; fileEncoding = 4; lastKnownFileType = sourcecode.c.h; path = Semaphore.h; sourceTree = "<group>"; };
		909675E714EE32C400356F4E /* Thread.cpp */ = {isa = PBXFileReference; fileEncoding = 4; lastKnownFileType = sourcecode.cpp.cpp; path = Thread.cpp; sourceTree = "<group>"; };
		909675E814EE32C400356F4E /* Thread.h */ = {isa = PBXFileReference; fileEncoding = 4; lastKnownFileType = sourcecode.c.h; path = Thread.h; sourceTree = "<group>"; };
		909675E914EE32C400356F4E /* ThreadPool.cpp */ = {isa = PBXFileReference; fileEncoding = 4; lastKnownFileType = sourcecode.cpp.cpp; path = ThreadPool.cpp; sourceTree = "<group>"; };
		909675EA14EE32C400356F4E /* ThreadPool.h */ = {isa = PBXFileReference; fileEncoding = 4; lastKnownFileType = sourcecode.c.h; path = ThreadPool.h; sourceTree = "<group>"; };
		909675EC14EE32C400356F4E /* XADataManager.cpp */ = {isa = PBXFileReference; fileEncoding = 4; lastKnownFileType = sourcecode.cpp.cpp; path = XADataManager.cpp; sourceTree = "<group>"; };
		909675ED14EE32C400356F4E /* XADataManager.h */ = {isa = PBXFileReference; fileEncoding = 4; lastKnownFileType = sourcecode.c.h; path = XADataManager.h; sourceTree = "<group>"; };
		909675EE14EE32C400356F4E /* XADataProxy.cpp */ = {isa = PBXFileReference; fileEncoding = 4; lastKnownFileType = sourcecode.cpp.cpp; path = XADataProxy.cpp; sourceTree = "<group>"; };
		909675EF14EE32C400356F4E /* XADataProxy.h */ = {isa = PBXFileReference; fileEncoding = 4; lastKnownFileType = sourcecode.c.h; path = XADataProxy.h; sourceTree = "<group>"; };
		909675F014EE32C400356F4E /* XASendData.cpp */ = {isa = PBXFileReference; fileEncoding = 4; lastKnownFileType = sourcecode.cpp.cpp; path = XASendData.cpp; sourceTree = "<group>"; };
		909675F114EE32C400356F4E /* XASendData.h */ = {isa = PBXFileReference; fileEncoding = 4; lastKnownFileType = sourcecode.c.h; path = XASendData.h; sourceTree = "<group>"; };
		909675F414EE32C400356F4E /* XASystemInfo.h */ = {isa = PBXFileReference; fileEncoding = 4; lastKnownFileType = sourcecode.c.h; path = XASystemInfo.h; sourceTree = "<group>"; };
		909675F514EE32C400356F4E /* XASystemInfo.mm */ = {isa = PBXFileReference; fileEncoding = 4; lastKnownFileType = sourcecode.cpp.objcpp; path = XASystemInfo.mm; sourceTree = "<group>"; };
		909675F614EE32C400356F4E /* XAThreadPool.cpp */ = {isa = PBXFileReference; fileEncoding = 4; lastKnownFileType = sourcecode.cpp.cpp; path = XAThreadPool.cpp; sourceTree = "<group>"; };
		909675F714EE32C400356F4E /* XAThreadPool.h */ = {isa = PBXFileReference; fileEncoding = 4; lastKnownFileType = sourcecode.c.h; path = XAThreadPool.h; sourceTree = "<group>"; };
		9096766814EE358600356F4E /* XA.mm */ = {isa = PBXFileReference; fileEncoding = 4; lastKnownFileType = sourcecode.cpp.objcpp; path = XA.mm; sourceTree = "<group>"; };
		9096767314EE366A00356F4E /* libcurl.a */ = {isa = PBXFileReference; lastKnownFileType = archive.ar; name = libcurl.a; path = XA/libcurl.a; sourceTree = "<group>"; };
		9096767614EE367600356F4E /* CoreTelephony.framework */ = {isa = PBXFileReference; lastKnownFileType = wrapper.framework; name = CoreTelephony.framework; path = System/Library/Frameworks/CoreTelephony.framework; sourceTree = SDKROOT; };
		9096767814EE367E00356F4E /* SystemConfiguration.framework */ = {isa = PBXFileReference; lastKnownFileType = wrapper.framework; name = SystemConfiguration.framework; path = System/Library/Frameworks/SystemConfiguration.framework; sourceTree = SDKROOT; };
		9096768714EE37BB00356F4E /* UIKit.framework */ = {isa = PBXFileReference; lastKnownFileType = wrapper.framework; name = UIKit.framework; path = System/Library/Frameworks/UIKit.framework; sourceTree = SDKROOT; };
		9096768C14EE3F4D00356F4E /* libzlib.a */ = {isa = PBXFileReference; lastKnownFileType = archive.ar; name = libzlib.a; path = XA/libzlib.a; sourceTree = "<group>"; };
/* End PBXFileReference section */

/* Begin PBXFrameworksBuildPhase section */
		909675BE14EE326300356F4E /* Frameworks */ = {
			isa = PBXFrameworksBuildPhase;
			buildActionMask = 2147483647;
			files = (
				9096768D14EE3F4D00356F4E /* libzlib.a in Frameworks */,
				9096768814EE37BB00356F4E /* UIKit.framework in Frameworks */,
				9096767914EE367E00356F4E /* SystemConfiguration.framework in Frameworks */,
				9096767714EE367600356F4E /* CoreTelephony.framework in Frameworks */,
				9096767414EE366A00356F4E /* libcurl.a in Frameworks */,
				909675C514EE326300356F4E /* Foundation.framework in Frameworks */,
			);
			runOnlyForDeploymentPostprocessing = 0;
		};
/* End PBXFrameworksBuildPhase section */

/* Begin PBXGroup section */
		909675B614EE326300356F4E = {
			isa = PBXGroup;
			children = (
				909675C614EE326400356F4E /* XA */,
				909675C314EE326300356F4E /* Frameworks */,
				909675C214EE326300356F4E /* Products */,
			);
			sourceTree = "<group>";
		};
		909675C214EE326300356F4E /* Products */ = {
			isa = PBXGroup;
			children = (
				909675C114EE326300356F4E /* libXA.a */,
			);
			name = Products;
			sourceTree = "<group>";
		};
		909675C314EE326300356F4E /* Frameworks */ = {
			isa = PBXGroup;
			children = (
				9096768C14EE3F4D00356F4E /* libzlib.a */,
				9096768714EE37BB00356F4E /* UIKit.framework */,
				9096767814EE367E00356F4E /* SystemConfiguration.framework */,
				9096767614EE367600356F4E /* CoreTelephony.framework */,
				9096767314EE366A00356F4E /* libcurl.a */,
				909675C414EE326300356F4E /* Foundation.framework */,
			);
			name = Frameworks;
			sourceTree = "<group>";
		};
		909675C614EE326400356F4E /* XA */ = {
			isa = PBXGroup;
			children = (
				9096766814EE358600356F4E /* XA.mm */,
				909675D114EE32C400356F4E /* cJSON.c */,
				909675D214EE32C400356F4E /* cJSON.h */,
				909675D314EE32C400356F4E /* curl */,
				909675DF14EE32C400356F4E /* Reachability.h */,
				909675E014EE32C400356F4E /* Reachability.m */,
				909675E114EE32C400356F4E /* threadpool */,
				909675EC14EE32C400356F4E /* XADataManager.cpp */,
				909675ED14EE32C400356F4E /* XADataManager.h */,
				909675EE14EE32C400356F4E /* XADataProxy.cpp */,
				909675EF14EE32C400356F4E /* XADataProxy.h */,
				909675F014EE32C400356F4E /* XASendData.cpp */,
				909675F114EE32C400356F4E /* XASendData.h */,
				909675F414EE32C400356F4E /* XASystemInfo.h */,
				909675F514EE32C400356F4E /* XASystemInfo.mm */,
				909675F614EE32C400356F4E /* XAThreadPool.cpp */,
				909675F714EE32C400356F4E /* XAThreadPool.h */,
				909675C914EE326400356F4E /* XA.h */,
				909675C714EE326400356F4E /* Supporting Files */,
			);
			path = XA;
			sourceTree = "<group>";
		};
		909675C714EE326400356F4E /* Supporting Files */ = {
			isa = PBXGroup;
			children = (
				909675C814EE326400356F4E /* XA-Prefix.pch */,
			);
			name = "Supporting Files";
			sourceTree = "<group>";
		};
		909675D314EE32C400356F4E /* curl */ = {
			isa = PBXGroup;
			children = (
				909675D414EE32C400356F4E /* curl 2.h */,
				909675D514EE32C400356F4E /* curl.h */,
				909675D614EE32C400356F4E /* curlbuild.h */,
				909675D714EE32C400356F4E /* curlrules.h */,
				909675D814EE32C400356F4E /* curlver.h */,
				909675D914EE32C400356F4E /* easy.h */,
				909675DA14EE32C400356F4E /* mprintf.h */,
				909675DB14EE32C400356F4E /* multi.h */,
				909675DC14EE32C400356F4E /* stdcheaders.h */,
				909675DD14EE32C400356F4E /* typecheck-gcc.h */,
				909675DE14EE32C400356F4E /* types.h */,
			);
			path = curl;
			sourceTree = "<group>";
		};
		909675E114EE32C400356F4E /* threadpool */ = {
			isa = PBXGroup;
			children = (
				909675E214EE32C400356F4E /* config.h */,
				909675E314EE32C400356F4E /* Mutex.cpp */,
				909675E414EE32C400356F4E /* Mutex.h */,
				909675E514EE32C400356F4E /* Semaphore.cpp */,
				909675E614EE32C400356F4E /* Semaphore.h */,
				909675E714EE32C400356F4E /* Thread.cpp */,
				909675E814EE32C400356F4E /* Thread.h */,
				909675E914EE32C400356F4E /* ThreadPool.cpp */,
				909675EA14EE32C400356F4E /* ThreadPool.h */,
			);
			path = threadpool;
			sourceTree = "<group>";
		};
/* End PBXGroup section */

/* Begin PBXHeadersBuildPhase section */
		909675BF14EE326300356F4E /* Headers */ = {
			isa = PBXHeadersBuildPhase;
			buildActionMask = 2147483647;
			files = (
				909675F914EE32C400356F4E /* cJSON.h in Headers */,
				909675FA14EE32C400356F4E /* curl 2.h in Headers */,
				909675FB14EE32C400356F4E /* curl.h in Headers */,
				909675FC14EE32C400356F4E /* curlbuild.h in Headers */,
				909675FD14EE32C400356F4E /* curlrules.h in Headers */,
				909675FE14EE32C400356F4E /* curlver.h in Headers */,
				909675FF14EE32C400356F4E /* easy.h in Headers */,
				9096760014EE32C400356F4E /* mprintf.h in Headers */,
				9096760114EE32C400356F4E /* multi.h in Headers */,
				9096760214EE32C400356F4E /* stdcheaders.h in Headers */,
				9096760314EE32C400356F4E /* typecheck-gcc.h in Headers */,
				9096760414EE32C400356F4E /* types.h in Headers */,
				9096760514EE32C400356F4E /* Reachability.h in Headers */,
				9096760714EE32C400356F4E /* config.h in Headers */,
				9096760914EE32C400356F4E /* Mutex.h in Headers */,
				9096760B14EE32C400356F4E /* Semaphore.h in Headers */,
				9096760D14EE32C400356F4E /* Thread.h in Headers */,
				9096760F14EE32C400356F4E /* ThreadPool.h in Headers */,
				9096761214EE32C400356F4E /* XADataManager.h in Headers */,
				9096761414EE32C400356F4E /* XADataProxy.h in Headers */,
				9096761614EE32C400356F4E /* XASendData.h in Headers */,
				9096761914EE32C400356F4E /* XASystemInfo.h in Headers */,
				9096761C14EE32C400356F4E /* XAThreadPool.h in Headers */,
			);
			runOnlyForDeploymentPostprocessing = 0;
		};
/* End PBXHeadersBuildPhase section */

/* Begin PBXNativeTarget section */
		909675C014EE326300356F4E /* XA */ = {
			isa = PBXNativeTarget;
			buildConfigurationList = 909675CE14EE326400356F4E /* Build configuration list for PBXNativeTarget "XA" */;
			buildPhases = (
				909675BD14EE326300356F4E /* Sources */,
				909675BE14EE326300356F4E /* Frameworks */,
				909675BF14EE326300356F4E /* Headers */,
			);
			buildRules = (
			);
			dependencies = (
			);
			name = XA;
			productName = XA;
			productReference = 909675C114EE326300356F4E /* libXA.a */;
			productType = "com.apple.product-type.library.static";
		};
/* End PBXNativeTarget section */

/* Begin PBXProject section */
		909675B814EE326300356F4E /* Project object */ = {
			isa = PBXProject;
			attributes = {
				LastUpgradeCheck = 0420;
			};
			buildConfigurationList = 909675BB14EE326300356F4E /* Build configuration list for PBXProject "XA" */;
			compatibilityVersion = "Xcode 3.2";
			developmentRegion = English;
			hasScannedForEncodings = 0;
			knownRegions = (
				en,
			);
			mainGroup = 909675B614EE326300356F4E;
			productRefGroup = 909675C214EE326300356F4E /* Products */;
			projectDirPath = "";
			projectRoot = "";
			targets = (
				909675C014EE326300356F4E /* XA */,
			);
		};
/* End PBXProject section */

/* Begin PBXSourcesBuildPhase section */
		909675BD14EE326300356F4E /* Sources */ = {
			isa = PBXSourcesBuildPhase;
			buildActionMask = 2147483647;
			files = (
				909675F814EE32C400356F4E /* cJSON.c in Sources */,
				9096760614EE32C400356F4E /* Reachability.m in Sources */,
				9096760814EE32C400356F4E /* Mutex.cpp in Sources */,
				9096760A14EE32C400356F4E /* Semaphore.cpp in Sources */,
				9096760C14EE32C400356F4E /* Thread.cpp in Sources */,
				9096760E14EE32C400356F4E /* ThreadPool.cpp in Sources */,
				9096761114EE32C400356F4E /* XADataManager.cpp in Sources */,
				9096761314EE32C400356F4E /* XADataProxy.cpp in Sources */,
				9096761514EE32C400356F4E /* XASendData.cpp in Sources */,
				9096761A14EE32C400356F4E /* XASystemInfo.mm in Sources */,
				9096761B14EE32C400356F4E /* XAThreadPool.cpp in Sources */,
				9096766914EE358600356F4E /* XA.mm in Sources */,
			);
			runOnlyForDeploymentPostprocessing = 0;
		};
/* End PBXSourcesBuildPhase section */

/* Begin XCBuildConfiguration section */
		909675CC14EE326400356F4E /* Debug */ = {
			isa = XCBuildConfiguration;
			buildSettings = {
				ALWAYS_SEARCH_USER_PATHS = NO;
				ARCHS = "$(ARCHS_STANDARD_32_BIT)";
				COPY_PHASE_STRIP = NO;
				GCC_C_LANGUAGE_STANDARD = gnu99;
				GCC_DYNAMIC_NO_PIC = NO;
				GCC_OPTIMIZATION_LEVEL = 0;
				GCC_PREPROCESSOR_DEFINITIONS = (
					"DEBUG=1",
					"$(inherited)",
				);
				GCC_SYMBOLS_PRIVATE_EXTERN = NO;
				GCC_VERSION = com.apple.compilers.llvm.clang.1_0;
				GCC_WARN_ABOUT_MISSING_PROTOTYPES = YES;
				GCC_WARN_ABOUT_RETURN_TYPE = YES;
				GCC_WARN_UNUSED_VARIABLE = YES;
				IPHONEOS_DEPLOYMENT_TARGET = 4.0;
				SDKROOT = iphoneos;
			};
			name = Debug;
		};
		909675CD14EE326400356F4E /* Release */ = {
			isa = XCBuildConfiguration;
			buildSettings = {
				ALWAYS_SEARCH_USER_PATHS = NO;
				ARCHS = "$(ARCHS_STANDARD_32_BIT)";
				COPY_PHASE_STRIP = YES;
				GCC_C_LANGUAGE_STANDARD = gnu99;
				GCC_VERSION = com.apple.compilers.llvm.clang.1_0;
				GCC_WARN_ABOUT_MISSING_PROTOTYPES = YES;
				GCC_WARN_ABOUT_RETURN_TYPE = YES;
				GCC_WARN_UNUSED_VARIABLE = YES;
				IPHONEOS_DEPLOYMENT_TARGET = 4.0;
				SDKROOT = iphoneos;
				VALIDATE_PRODUCT = YES;
			};
			name = Release;
		};
		909675CF14EE326400356F4E /* Debug */ = {
			isa = XCBuildConfiguration;
			buildSettings = {
				DSTROOT = /tmp/XA.dst;
				GCC_PRECOMPILE_PREFIX_HEADER = YES;
				GCC_PREFIX_HEADER = "XA/XA-Prefix.pch";
				IPHONEOS_DEPLOYMENT_TARGET = 4.0;
				LIBRARY_SEARCH_PATHS = (
					"$(inherited)",
					"\"$(SRCROOT)/XA\"",
				);
				ONLY_ACTIVE_ARCH = YES;
				"OTHER_CPLUSPLUSFLAGS[arch=*]" = "-lstdc++";
				PRODUCT_NAME = "$(TARGET_NAME)";
				SKIP_INSTALL = YES;
				WARNING_CFLAGS = "";
			};
			name = Debug;
		};
		909675D014EE326400356F4E /* Release */ = {
			isa = XCBuildConfiguration;
			buildSettings = {
				DSTROOT = /tmp/XA.dst;
				GCC_PRECOMPILE_PREFIX_HEADER = YES;
				GCC_PREFIX_HEADER = "XA/XA-Prefix.pch";
				IPHONEOS_DEPLOYMENT_TARGET = 4.0;
				LIBRARY_SEARCH_PATHS = (
					"$(inherited)",
					"\"$(SRCROOT)/XA\"",
				);
				ONLY_ACTIVE_ARCH = YES;
				"OTHER_CPLUSPLUSFLAGS[arch=*]" = "$(OTHER_CFLAGS)";
				PRODUCT_NAME = "$(TARGET_NAME)";
				SKIP_INSTALL = YES;
				WARNING_CFLAGS = "";
			};
			name = Release;
		};
/* End XCBuildConfiguration section */

/* Begin XCConfigurationList section */
		909675BB14EE326300356F4E /* Build configuration list for PBXProject "XA" */ = {
			isa = XCConfigurationList;
			buildConfigurations = (
				909675CC14EE326400356F4E /* Debug */,
				909675CD14EE326400356F4E /* Release */,
			);
			defaultConfigurationIsVisible = 0;
			defaultConfigurationName = Release;
		};
		909675CE14EE326400356F4E /* Build configuration list for PBXNativeTarget "XA" */ = {
			isa = XCConfigurationList;
			buildConfigurations = (
				909675CF14EE326400356F4E /* Debug */,
				909675D014EE326400356F4E /* Release */,
			);
			defaultConfigurationIsVisible = 0;
			defaultConfigurationName = Release;
		};
/* End XCConfigurationList section */
	};
	rootObject = 909675B814EE326300356F4E /* Project object */;
}
