// !$*UTF8*$!
{
	archiveVersion = 1;
	classes = {
	};
	objectVersion = 46;
	objects = {

/* Begin PBXBuildFile section */
		2D9A73C014F5D56D00A333AB /* libXA.a in Frameworks */ = {isa = PBXBuildFile; fileRef = 90EE130314F1F66B006B4FD5 /* libXA.a */; };
		908E2FA414F65FB200403EF8 /* AppView.mm in Sources */ = {isa = PBXBuildFile; fileRef = 908E2FA314F65FB200403EF8 /* AppView.mm */; };
		90EE12CA14F1F4CD006B4FD5 /* UIKit.framework in Frameworks */ = {isa = PBXBuildFile; fileRef = 90EE12C914F1F4CD006B4FD5 /* UIKit.framework */; };
		90EE12CC14F1F4CD006B4FD5 /* Foundation.framework in Frameworks */ = {isa = PBXBuildFile; fileRef = 90EE12CB14F1F4CD006B4FD5 /* Foundation.framework */; };
		90EE12CE14F1F4CD006B4FD5 /* CoreGraphics.framework in Frameworks */ = {isa = PBXBuildFile; fileRef = 90EE12CD14F1F4CD006B4FD5 /* CoreGraphics.framework */; };
		90EE12D414F1F4CD006B4FD5 /* InfoPlist.strings in Resources */ = {isa = PBXBuildFile; fileRef = 90EE12D214F1F4CD006B4FD5 /* InfoPlist.strings */; };
		90EE12D614F1F4CD006B4FD5 /* main.m in Sources */ = {isa = PBXBuildFile; fileRef = 90EE12D514F1F4CD006B4FD5 /* main.m */; };
		90EE12FA14F1F573006B4FD5 /* AppDelegate.mm in Sources */ = {isa = PBXBuildFile; fileRef = 90EE12F914F1F573006B4FD5 /* AppDelegate.mm */; };
		90EE130914F1F6BA006B4FD5 /* CoreTelephony.framework in Frameworks */ = {isa = PBXBuildFile; fileRef = 90EE130814F1F6BA006B4FD5 /* CoreTelephony.framework */; };
		90EE130B14F1F6C3006B4FD5 /* SystemConfiguration.framework in Frameworks */ = {isa = PBXBuildFile; fileRef = 90EE130A14F1F6C3006B4FD5 /* SystemConfiguration.framework */; };
		90EE130E14F1F6D6006B4FD5 /* libcurl.a in Frameworks */ = {isa = PBXBuildFile; fileRef = 90EE130C14F1F6D6006B4FD5 /* libcurl.a */; };
		90EE130F14F1F6D6006B4FD5 /* libzlib.a in Frameworks */ = {isa = PBXBuildFile; fileRef = 90EE130D14F1F6D6006B4FD5 /* libzlib.a */; };
/* End PBXBuildFile section */

/* Begin PBXContainerItemProxy section */
		2D9A73BE14F5D56700A333AB /* PBXContainerItemProxy */ = {
			isa = PBXContainerItemProxy;
			containerPortal = 90EE12FB14F1F66B006B4FD5 /* XA.xcodeproj */;
			proxyType = 1;
			remoteGlobalIDString = 909675C014EE326300356F4E;
			remoteInfo = XA;
		};
		90EE130214F1F66B006B4FD5 /* PBXContainerItemProxy */ = {
			isa = PBXContainerItemProxy;
			containerPortal = 90EE12FB14F1F66B006B4FD5 /* XA.xcodeproj */;
			proxyType = 2;
			remoteGlobalIDString = 909675C114EE326300356F4E;
			remoteInfo = XA;
		};
/* End PBXContainerItemProxy section */

/* Begin PBXFileReference section */
		2D9A73C314F5D70B00A333AB /* AppView.h */ = {isa = PBXFileReference; fileEncoding = 4; lastKnownFileType = sourcecode.c.h; name = AppView.h; path = XAdemo/AppView.h; sourceTree = SOURCE_ROOT; };
		908E2FA314F65FB200403EF8 /* AppView.mm */ = {isa = PBXFileReference; fileEncoding = 4; lastKnownFileType = sourcecode.cpp.objcpp; path = AppView.mm; sourceTree = "<group>"; };
		90EE12C514F1F4CD006B4FD5 /* XADemo.app */ = {isa = PBXFileReference; explicitFileType = wrapper.application; includeInIndex = 0; path = XADemo.app; sourceTree = BUILT_PRODUCTS_DIR; };
		90EE12C914F1F4CD006B4FD5 /* UIKit.framework */ = {isa = PBXFileReference; lastKnownFileType = wrapper.framework; name = UIKit.framework; path = System/Library/Frameworks/UIKit.framework; sourceTree = SDKROOT; };
		90EE12CB14F1F4CD006B4FD5 /* Foundation.framework */ = {isa = PBXFileReference; lastKnownFileType = wrapper.framework; name = Foundation.framework; path = System/Library/Frameworks/Foundation.framework; sourceTree = SDKROOT; };
		90EE12CD14F1F4CD006B4FD5 /* CoreGraphics.framework */ = {isa = PBXFileReference; lastKnownFileType = wrapper.framework; name = CoreGraphics.framework; path = System/Library/Frameworks/CoreGraphics.framework; sourceTree = SDKROOT; };
		90EE12D114F1F4CD006B4FD5 /* XADemo-Info.plist */ = {isa = PBXFileReference; lastKnownFileType = text.plist.xml; path = "XADemo-Info.plist"; sourceTree = "<group>"; };
		90EE12D314F1F4CD006B4FD5 /* en */ = {isa = PBXFileReference; lastKnownFileType = text.plist.strings; name = en; path = en.lproj/InfoPlist.strings; sourceTree = "<group>"; };
		90EE12D514F1F4CD006B4FD5 /* main.m */ = {isa = PBXFileReference; lastKnownFileType = sourcecode.c.objc; path = main.m; sourceTree = "<group>"; };
		90EE12D714F1F4CD006B4FD5 /* XADemo-Prefix.pch */ = {isa = PBXFileReference; lastKnownFileType = sourcecode.c.h; path = "XADemo-Prefix.pch"; sourceTree = "<group>"; };
		90EE12D814F1F4CD006B4FD5 /* AppDelegate.h */ = {isa = PBXFileReference; lastKnownFileType = sourcecode.c.h; path = AppDelegate.h; sourceTree = "<group>"; };
		90EE12F914F1F573006B4FD5 /* AppDelegate.mm */ = {isa = PBXFileReference; fileEncoding = 4; lastKnownFileType = sourcecode.cpp.objcpp; path = AppDelegate.mm; sourceTree = "<group>"; };
		90EE12FB14F1F66B006B4FD5 /* XA.xcodeproj */ = {isa = PBXFileReference; lastKnownFileType = "wrapper.pb-project"; name = XA.xcodeproj; path = ../XA.xcodeproj; sourceTree = "<group>"; };
		90EE130814F1F6BA006B4FD5 /* CoreTelephony.framework */ = {isa = PBXFileReference; lastKnownFileType = wrapper.framework; name = CoreTelephony.framework; path = System/Library/Frameworks/CoreTelephony.framework; sourceTree = SDKROOT; };
		90EE130A14F1F6C3006B4FD5 /* SystemConfiguration.framework */ = {isa = PBXFileReference; lastKnownFileType = wrapper.framework; name = SystemConfiguration.framework; path = System/Library/Frameworks/SystemConfiguration.framework; sourceTree = SDKROOT; };
		90EE130C14F1F6D6006B4FD5 /* libcurl.a */ = {isa = PBXFileReference; lastKnownFileType = archive.ar; name = libcurl.a; path = ../XA/libcurl.a; sourceTree = "<group>"; };
		90EE130D14F1F6D6006B4FD5 /* libzlib.a */ = {isa = PBXFileReference; lastKnownFileType = archive.ar; name = libzlib.a; path = ../XA/libzlib.a; sourceTree = "<group>"; };
/* End PBXFileReference section */

/* Begin PBXFrameworksBuildPhase section */
		90EE12C214F1F4CD006B4FD5 /* Frameworks */ = {
			isa = PBXFrameworksBuildPhase;
			buildActionMask = 2147483647;
			files = (
				2D9A73C014F5D56D00A333AB /* libXA.a in Frameworks */,
				90EE130E14F1F6D6006B4FD5 /* libcurl.a in Frameworks */,
				90EE130F14F1F6D6006B4FD5 /* libzlib.a in Frameworks */,
				90EE130B14F1F6C3006B4FD5 /* SystemConfiguration.framework in Frameworks */,
				90EE130914F1F6BA006B4FD5 /* CoreTelephony.framework in Frameworks */,
				90EE12CA14F1F4CD006B4FD5 /* UIKit.framework in Frameworks */,
				90EE12CC14F1F4CD006B4FD5 /* Foundation.framework in Frameworks */,
				90EE12CE14F1F4CD006B4FD5 /* CoreGraphics.framework in Frameworks */,
			);
			runOnlyForDeploymentPostprocessing = 0;
		};
/* End PBXFrameworksBuildPhase section */

/* Begin PBXGroup section */
		90EE12BA14F1F4CD006B4FD5 = {
			isa = PBXGroup;
			children = (
				90EE12CF14F1F4CD006B4FD5 /* XADemo */,
				90EE12C814F1F4CD006B4FD5 /* Frameworks */,
				90EE12C614F1F4CD006B4FD5 /* Products */,
				90EE12FB14F1F66B006B4FD5 /* XA.xcodeproj */,
			);
			sourceTree = "<group>";
		};
		90EE12C614F1F4CD006B4FD5 /* Products */ = {
			isa = PBXGroup;
			children = (
				90EE12C514F1F4CD006B4FD5 /* XADemo.app */,
			);
			name = Products;
			sourceTree = "<group>";
		};
		90EE12C814F1F4CD006B4FD5 /* Frameworks */ = {
			isa = PBXGroup;
			children = (
				90EE130C14F1F6D6006B4FD5 /* libcurl.a */,
				90EE130D14F1F6D6006B4FD5 /* libzlib.a */,
				90EE130A14F1F6C3006B4FD5 /* SystemConfiguration.framework */,
				90EE130814F1F6BA006B4FD5 /* CoreTelephony.framework */,
				90EE12C914F1F4CD006B4FD5 /* UIKit.framework */,
				90EE12CB14F1F4CD006B4FD5 /* Foundation.framework */,
				90EE12CD14F1F4CD006B4FD5 /* CoreGraphics.framework */,
			);
			name = Frameworks;
			sourceTree = "<group>";
		};
		90EE12CF14F1F4CD006B4FD5 /* XADemo */ = {
			isa = PBXGroup;
			children = (
				90EE12F914F1F573006B4FD5 /* AppDelegate.mm */,
				90EE12D814F1F4CD006B4FD5 /* AppDelegate.h */,
				2D9A73C314F5D70B00A333AB /* AppView.h */,
				908E2FA314F65FB200403EF8 /* AppView.mm */,
				90EE12D014F1F4CD006B4FD5 /* Supporting Files */,
			);
			path = XADemo;
			sourceTree = "<group>";
		};
		90EE12D014F1F4CD006B4FD5 /* Supporting Files */ = {
			isa = PBXGroup;
			children = (
				90EE12D114F1F4CD006B4FD5 /* XADemo-Info.plist */,
				90EE12D214F1F4CD006B4FD5 /* InfoPlist.strings */,
				90EE12D514F1F4CD006B4FD5 /* main.m */,
				90EE12D714F1F4CD006B4FD5 /* XADemo-Prefix.pch */,
			);
			name = "Supporting Files";
			sourceTree = "<group>";
		};
		90EE12FC14F1F66B006B4FD5 /* Products */ = {
			isa = PBXGroup;
			children = (
				90EE130314F1F66B006B4FD5 /* libXA.a */,
			);
			name = Products;
			sourceTree = "<group>";
		};
/* End PBXGroup section */

/* Begin PBXNativeTarget section */
		90EE12C414F1F4CD006B4FD5 /* XADemo */ = {
			isa = PBXNativeTarget;
			buildConfigurationList = 90EE12DD14F1F4CD006B4FD5 /* Build configuration list for PBXNativeTarget "XADemo" */;
			buildPhases = (
				90EE12C114F1F4CD006B4FD5 /* Sources */,
				90EE12C214F1F4CD006B4FD5 /* Frameworks */,
				90EE12C314F1F4CD006B4FD5 /* Resources */,
			);
			buildRules = (
			);
			dependencies = (
				2D9A73BF14F5D56700A333AB /* PBXTargetDependency */,
			);
			name = XADemo;
			productName = XADemo;
			productReference = 90EE12C514F1F4CD006B4FD5 /* XADemo.app */;
			productType = "com.apple.product-type.application";
		};
/* End PBXNativeTarget section */

/* Begin PBXProject section */
		90EE12BC14F1F4CD006B4FD5 /* Project object */ = {
			isa = PBXProject;
			attributes = {
				LastUpgradeCheck = 0420;
			};
			buildConfigurationList = 90EE12BF14F1F4CD006B4FD5 /* Build configuration list for PBXProject "XADemo" */;
			compatibilityVersion = "Xcode 3.2";
			developmentRegion = English;
			hasScannedForEncodings = 0;
			knownRegions = (
				en,
			);
			mainGroup = 90EE12BA14F1F4CD006B4FD5;
			productRefGroup = 90EE12C614F1F4CD006B4FD5 /* Products */;
			projectDirPath = "";
			projectReferences = (
				{
					ProductGroup = 90EE12FC14F1F66B006B4FD5 /* Products */;
					ProjectRef = 90EE12FB14F1F66B006B4FD5 /* XA.xcodeproj */;
				},
			);
			projectRoot = "";
			targets = (
				90EE12C414F1F4CD006B4FD5 /* XADemo */,
			);
		};
/* End PBXProject section */

/* Begin PBXReferenceProxy section */
		90EE130314F1F66B006B4FD5 /* libXA.a */ = {
			isa = PBXReferenceProxy;
			fileType = archive.ar;
			path = libXA.a;
			remoteRef = 90EE130214F1F66B006B4FD5 /* PBXContainerItemProxy */;
			sourceTree = BUILT_PRODUCTS_DIR;
		};
/* End PBXReferenceProxy section */

/* Begin PBXResourcesBuildPhase section */
		90EE12C314F1F4CD006B4FD5 /* Resources */ = {
			isa = PBXResourcesBuildPhase;
			buildActionMask = 2147483647;
			files = (
				90EE12D414F1F4CD006B4FD5 /* InfoPlist.strings in Resources */,
			);
			runOnlyForDeploymentPostprocessing = 0;
		};
/* End PBXResourcesBuildPhase section */

/* Begin PBXSourcesBuildPhase section */
		90EE12C114F1F4CD006B4FD5 /* Sources */ = {
			isa = PBXSourcesBuildPhase;
			buildActionMask = 2147483647;
			files = (
				90EE12D614F1F4CD006B4FD5 /* main.m in Sources */,
				90EE12FA14F1F573006B4FD5 /* AppDelegate.mm in Sources */,
				908E2FA414F65FB200403EF8 /* AppView.mm in Sources */,
			);
			runOnlyForDeploymentPostprocessing = 0;
		};
/* End PBXSourcesBuildPhase section */

/* Begin PBXTargetDependency section */
		2D9A73BF14F5D56700A333AB /* PBXTargetDependency */ = {
			isa = PBXTargetDependency;
			name = XA;
			targetProxy = 2D9A73BE14F5D56700A333AB /* PBXContainerItemProxy */;
		};
/* End PBXTargetDependency section */

/* Begin PBXVariantGroup section */
		90EE12D214F1F4CD006B4FD5 /* InfoPlist.strings */ = {
			isa = PBXVariantGroup;
			children = (
				90EE12D314F1F4CD006B4FD5 /* en */,
			);
			name = InfoPlist.strings;
			sourceTree = "<group>";
		};
/* End PBXVariantGroup section */

/* Begin XCBuildConfiguration section */
		90EE12DB14F1F4CD006B4FD5 /* Debug */ = {
			isa = XCBuildConfiguration;
			buildSettings = {
				ALWAYS_SEARCH_USER_PATHS = NO;
				ARCHS = "$(ARCHS_STANDARD_32_BIT)";
				"CODE_SIGN_IDENTITY[sdk=iphoneos*]" = "iPhone Developer";
				COPY_PHASE_STRIP = NO;
				GCC_C_LANGUAGE_STANDARD = gnu99;
				GCC_DYNAMIC_NO_PIC = NO;
				GCC_OPTIMIZATION_LEVEL = 0;
				GCC_PREPROCESSOR_DEFINITIONS = (
					"DEBUG=1",
					"$(inherited)",
				);
				GCC_SYMBOLS_PRIVATE_EXTERN = NO;
				GCC_VERSION = com.apple.compilers.llvm.clang.1_0;
				GCC_WARN_ABOUT_MISSING_PROTOTYPES = YES;
				GCC_WARN_ABOUT_RETURN_TYPE = YES;
				GCC_WARN_UNUSED_VARIABLE = YES;
				IPHONEOS_DEPLOYMENT_TARGET = 4.0;
				SDKROOT = iphoneos;
				TARGETED_DEVICE_FAMILY = "1,2";
			};
			name = Debug;
		};
		90EE12DC14F1F4CD006B4FD5 /* Release */ = {
			isa = XCBuildConfiguration;
			buildSettings = {
				ALWAYS_SEARCH_USER_PATHS = NO;
				ARCHS = "$(ARCHS_STANDARD_32_BIT)";
				"CODE_SIGN_IDENTITY[sdk=iphoneos*]" = "iPhone Developer";
				COPY_PHASE_STRIP = YES;
				GCC_C_LANGUAGE_STANDARD = gnu99;
				GCC_VERSION = com.apple.compilers.llvm.clang.1_0;
				GCC_WARN_ABOUT_MISSING_PROTOTYPES = YES;
				GCC_WARN_ABOUT_RETURN_TYPE = YES;
				GCC_WARN_UNUSED_VARIABLE = YES;
				IPHONEOS_DEPLOYMENT_TARGET = 4.0;
				OTHER_CFLAGS = "-DNS_BLOCK_ASSERTIONS=1";
				SDKROOT = iphoneos;
				TARGETED_DEVICE_FAMILY = "1,2";
				VALIDATE_PRODUCT = YES;
			};
			name = Release;
		};
		90EE12DE14F1F4CD006B4FD5 /* Debug */ = {
			isa = XCBuildConfiguration;
			buildSettings = {
				GCC_PRECOMPILE_PREFIX_HEADER = YES;
				GCC_PREFIX_HEADER = "XADemo/XADemo-Prefix.pch";
				INFOPLIST_FILE = "XADemo/XADemo-Info.plist";
				LIBRARY_SEARCH_PATHS = (
					"$(inherited)",
					"\"$(SRCROOT)/../XA\"",
				);
				PRODUCT_NAME = "$(TARGET_NAME)";
				"USER_HEADER_SEARCH_PATHS[arch=*]" = ../XA;
				WRAPPER_EXTENSION = app;
			};
			name = Debug;
		};
		90EE12DF14F1F4CD006B4FD5 /* Release */ = {
			isa = XCBuildConfiguration;
			buildSettings = {
				GCC_PRECOMPILE_PREFIX_HEADER = YES;
				GCC_PREFIX_HEADER = "XADemo/XADemo-Prefix.pch";
				INFOPLIST_FILE = "XADemo/XADemo-Info.plist";
				LIBRARY_SEARCH_PATHS = (
					"$(inherited)",
					"\"$(SRCROOT)/../XA\"",
				);
				PRODUCT_NAME = "$(TARGET_NAME)";
				"USER_HEADER_SEARCH_PATHS[arch=*]" = ../XA;
				WRAPPER_EXTENSION = app;
			};
			name = Release;
		};
/* End XCBuildConfiguration section */

/* Begin XCConfigurationList section */
		90EE12BF14F1F4CD006B4FD5 /* Build configuration list for PBXProject "XADemo" */ = {
			isa = XCConfigurationList;
			buildConfigurations = (
				90EE12DB14F1F4CD006B4FD5 /* Debug */,
				90EE12DC14F1F4CD006B4FD5 /* Release */,
			);
			defaultConfigurationIsVisible = 0;
			defaultConfigurationName = Release;
		};
		90EE12DD14F1F4CD006B4FD5 /* Build configuration list for PBXNativeTarget "XADemo" */ = {
			isa = XCConfigurationList;
			buildConfigurations = (
				90EE12DE14F1F4CD006B4FD5 /* Debug */,
				90EE12DF14F1F4CD006B4FD5 /* Release */,
			);
			defaultConfigurationIsVisible = 0;
			defaultConfigurationName = Release;
		};
/* End XCConfigurationList section */
	};
	rootObject = 90EE12BC14F1F4CD006B4FD5 /* Project object */;
}
